{
  "pins" : [
    {
      "identity" : "serverdrivenuipackage",
      "kind" : "remoteSourceControl",
      "location" : "https://github.com/pratibha691/ServerDrivenUIPackage.git",
      "state" : {
        "branch" : "main",
        "revision" : "9b99a22ff4747effe4afee2090e8585bbe89445a"
      }
    }
  ],
  "version" : 2
}
