{
  "pins" : [
    {
      "identity" : "serverdrivenuipackage",
      "kind" : "remoteSourceControl",
      "location" : "https://github.com/pratibha691/ServerDrivenUIPackage.git",
      "state" : {
        "branch" : "main",
        "revision" : "31682eb6e4498814d7b4dc20c5a981ee4e74a031"
      }
    }
  ],
  "version" : 2
}
